github.com/davecgh/go-spew v0.0.0-20170626231645-782f4967f2dc h1:0A0n6a0Y3vW5ktoWKC+ggkGXRzMJWMvqIYlFmsjwQzY=
github.com/davecgh/go-spew v0.0.0-20170626231645-782f4967f2dc/go.mod h1:J7Y8YcW2NihsgmVo/mv3lAwl/skON4iLHjSsI+c5H38=
github.com/davecgh/go-spew v1.1.1 h1:vj9j/u1bqnvCEfJOwUhtlOARqs3+rkHYY13jYWTU97c=
github.com/davecgh/go-spew v1.1.1/go.mod h1:J7Y8YcW2NihsgmVo/mv3lAwl/skON4iLHjSsI+c5H38=
github.com/fsnotify/fsnotify v1.4.7 h1:IXs+QLmnXW2CcXuY+8Mzv/fWEsPGWxqefPtCP5CnV9I=
github.com/fsnotify/fsnotify v1.4.7/go.mod h1:jwhsz4b93w/PPRr/qN1Yymfu8t87LnFCMoQvtojpjFo=
github.com/ghodss/yaml v0.0.0-20150909031657-73d445a93680 h1:ZktWZesgun21uEDrwW7iEV1zPCGQldM2atlJZ3TdvVM=
github.com/ghodss/yaml v0.0.0-20150909031657-73d445a93680/go.mod h1:4dBDuWmgqj2HViK6kFavaiC9ZROes6MMH2rRYeMEF04=
github.com/ghodss/yaml v1.0.0 h1:wQHKEahhL6wmXdzwWG11gIVCkOv05bNOh+Rxn0yngAk=
github.com/ghodss/yaml v1.0.0/go.mod h1:4dBDuWmgqj2HViK6kFavaiC9ZROes6MMH2rRYeMEF04=
github.com/gogo/protobuf v0.0.0-20170330071051-c0656edd0d9e h1:ago6fNuQ6IhszPsXkeU7qRCyfsIX7L67WDybsAPkLl8=
github.com/gogo/protobuf v0.0.0-20170330071051-c0656edd0d9e/go.mod h1:r8qH/GZQm5c6nD/R0oafs1akxWv10x8SbQlK7atdtwQ=
github.com/gogo/protobuf v1.1.1 h1:72R+M5VuhED/KujmZVcIquuo8mBgX4oVda//DQb3PXo=
github.com/gogo/protobuf v1.1.1/go.mod h1:r8qH/GZQm5c6nD/R0oafs1akxWv10x8SbQlK7atdtwQ=
github.com/golang/glog v0.0.0-20141105023935-44145f04b68c h1:CbdkBQ1/PiAo0FYJhQGwASD8wrgNvTdf01g6+O9tNuA=
github.com/golang/glog v0.0.0-20141105023935-44145f04b68c/go.mod h1:SBH7ygxi8pfUlaOkMMuAQtPIUF8ecWP5IEl/CR7VP2Q=
github.com/golang/glog v0.0.0-20160126235308-23def4e6c14b h1:VKtxabqXZkF25pY9ekfRL6a582T4P37/31XEstQ5p58=
github.com/golang/glog v0.0.0-20160126235308-23def4e6c14b/go.mod h1:SBH7ygxi8pfUlaOkMMuAQtPIUF8ecWP5IEl/CR7VP2Q=
github.com/golang/groupcache v0.0.0-20180924190550-6f2cf27854a4 h1:6UVLWz0fIIrv0UVj6t0A7cL48n8IyAdLVQqAYzEfsKI=
github.com/golang/groupcache v0.0.0-20180924190550-6f2cf27854a4/go.mod h1:cIg4eruTrX1D+g88fzRXU5OdNfaM+9IcxsU14FzY7Hc=
github.com/golang/groupcache v0.0.0-20181024230925-c65c006176ff/go.mod h1:cIg4eruTrX1D+g88fzRXU5OdNfaM+9IcxsU14FzY7Hc=
github.com/golang/protobuf v1.2.0 h1:P3YflyNX/ehuJFLhxviNdFxQPkGK5cDcApsge1SqnvM=
github.com/golang/protobuf v1.2.0/go.mod h1:6lQm79b+lXiMfvg/cZm0SGofjICqVBUtrP5yJMmIC1U=
github.com/google/btree v0.0.0-20160524151835-7d79101e329e h1:JHB7F/4TJCrYBW8+GZO8VkWDj1jxcWuCl6uxKODiyi4=
github.com/google/btree v0.0.0-20160524151835-7d79101e329e/go.mod h1:lNA+9X1NB3Zf8V7Ke586lFgjr2dZNuvo3lPJSGZ5JPQ=
github.com/google/btree v0.0.0-20180813153112-4030bb1f1f0c h1:964Od4U6p2jUkFxvCydnIczKteheJEzHRToSGK3Bnlw=
github.com/google/btree v0.0.0-20180813153112-4030bb1f1f0c/go.mod h1:lNA+9X1NB3Zf8V7Ke586lFgjr2dZNuvo3lPJSGZ5JPQ=
github.com/google/gofuzz v0.0.0-20161122191042-44d81051d367 h1:ScAXWS+TR6MZKex+7Z8rneuSJH+FSDqd6ocQyl+ZHo4=
github.com/google/gofuzz v0.0.0-20161122191042-44d81051d367/go.mod h1:HP5RmnzzSNb993RKQDq4+1A4ia9nllfqcQFTQJedwGI=
github.com/google/gofuzz v0.0.0-20170612174753-24818f796faf h1:+RRA9JqSOZFfKrOeqr2z77+8R2RKyh8PG66dcu1V0ck=
github.com/google/gofuzz v0.0.0-20170612174753-24818f796faf/go.mod h1:HP5RmnzzSNb993RKQDq4+1A4ia9nllfqcQFTQJedwGI=
github.com/googleapis/gnostic v0.0.0-20170729233727-0c5108395e2d h1:7XGaL1e6bYS1yIonGp9761ExpPPV1ui0SAC59Yube9k=
github.com/googleapis/gnostic v0.0.0-20170729233727-0c5108395e2d/go.mod h1:sJBsCZ4ayReDTBIg8b9dl28c5xFWyhBTVRp3pOg5EKY=
github.com/googleapis/gnostic v0.2.0 h1:l6N3VoaVzTncYYW+9yOz2LJJammFZGBO13sqgEhpy9g=
github.com/googleapis/gnostic v0.2.0/go.mod h1:sJBsCZ4ayReDTBIg8b9dl28c5xFWyhBTVRp3pOg5EKY=
github.com/gorilla/websocket v0.0.0-20171228152959-d965e9adc66d h1:vqMk9HB+c8sZPzOSP3p6nXcv2fMFPcTvUuZfI/T8les=
github.com/gorilla/websocket v0.0.0-20171228152959-d965e9adc66d/go.mod h1:E7qHFY5m1UJ88s3WnNqhKjPHQ0heANvMoAMk2YaljkQ=
github.com/gorilla/websocket v1.4.0 h1:WDFjx/TMzVgy9VdMMQi2K2Emtwi2QcUQsztZ/zLaH/Q=
github.com/gorilla/websocket v1.4.0/go.mod h1:E7qHFY5m1UJ88s3WnNqhKjPHQ0heANvMoAMk2YaljkQ=
github.com/gregjones/httpcache v0.0.0-20170728041850-787624de3eb7 h1:6TSoaYExHper8PYsJu23GWVNOyYRCSnIFyxKgLSZ54w=
github.com/gregjones/httpcache v0.0.0-20170728041850-787624de3eb7/go.mod h1:FecbI9+v66THATjSRHfNgh1IVFe/9kFxbXtjV0ctIMA=
github.com/gregjones/httpcache v0.0.0-20180305231024-9cad4c3443a7 h1:pdN6V1QBWetyv/0+wjACpqVH+eVULgEjkurDLq3goeM=
github.com/gregjones/httpcache v0.0.0-20180305231024-9cad4c3443a7/go.mod h1:FecbI9+v66THATjSRHfNgh1IVFe/9kFxbXtjV0ctIMA=
github.com/gregjones/httpcache v0.0.0-20181110185634-c63ab54fda8f h1:ShTPMJQes6tubcjzGMODIVG5hlrCeImaBnZzKF2N8SM=
github.com/gregjones/httpcache v0.0.0-20181110185634-c63ab54fda8f/go.mod h1:FecbI9+v66THATjSRHfNgh1IVFe/9kFxbXtjV0ctIMA=
github.com/hashicorp/golang-lru v0.0.0-20160207214719-a0d98a5f2880 h1:OaRuzt9oCKNui8cCskZijoKUwe+aCuuCwvx1ox8FNyw=
github.com/hashicorp/golang-lru v0.0.0-20160207214719-a0d98a5f2880/go.mod h1:/m3WP610KZHVQ1SGc6re/UDhFvYD7pJ4Ao+sR/qLZy8=
github.com/hashicorp/golang-lru v0.5.0 h1:CL2msUPvZTLb5O648aiLNJw3hnBxN2+1Jq8rCOH9wdo=
github.com/hashicorp/golang-lru v0.5.0/go.mod h1:/m3WP610KZHVQ1SGc6re/UDhFvYD7pJ4Ao+sR/qLZy8=
github.com/hpcloud/tail v1.0.0 h1:nfCOvKYfkgYP8hkirhJocXT2+zOD8yUNjXaWfTlyFKI=
github.com/hpcloud/tail v1.0.0/go.mod h1:ab1qPbhIpdTxEkNHXyeSf5vhxWSCs/tWer42PpOxQnU=
github.com/imdario/mergo v0.0.0-20141206190957-6633656539c1 h1:FeeCi0I2Fu8kA8IXrdVPtGzym+mW9bzfj9f26EaES9k=
github.com/imdario/mergo v0.0.0-20141206190957-6633656539c1/go.mod h1:2EnlNZ0deacrJVfApfmtdGgDfMuh/nq6Ok1EcJh5FfA=
github.com/imdario/mergo v0.3.6 h1:xTNEAn+kxVO7dTZGu0CegyqKZmoWFI0rF8UxjlB2d28=
github.com/imdario/mergo v0.3.6/go.mod h1:2EnlNZ0deacrJVfApfmtdGgDfMuh/nq6Ok1EcJh5FfA=
github.com/json-iterator/go v0.0.0-20170829155851-36b14963da70 h1:ayazo58lUvFfIE9R2tr0pP/ZbsDg4YZSIZxufWj9t/g=
github.com/json-iterator/go v0.0.0-20170829155851-36b14963da70/go.mod h1:+SdeFBvtyEkXs7REEP0seUULqWtbJapLOCVDaaPEHmU=
github.com/json-iterator/go v1.1.5 h1:gL2yXlmiIo4+t+y32d4WGwOjKGYcGOuyrg46vadswDE=
github.com/json-iterator/go v1.1.5/go.mod h1:+SdeFBvtyEkXs7REEP0seUULqWtbJapLOCVDaaPEHmU=
github.com/konsorten/go-windows-terminal-sequences v0.0.0-20180402223658-b729f2633dfe/go.mod h1:T0+1ngSBFLxvqU3pZ+m/2kptfBszLMUkC4ZK/EgS/cQ=
github.com/konsorten/go-windows-terminal-sequences v1.0.1 h1:mweAR1A6xJ3oS2pRaGiHgQ4OO8tzTaLawm8vnODuwDk=
github.com/konsorten/go-windows-terminal-sequences v1.0.1/go.mod h1:T0+1ngSBFLxvqU3pZ+m/2kptfBszLMUkC4ZK/EgS/cQ=
github.com/kr/pretty v0.1.0 h1:L/CwN0zerZDmRFUapSPitk6f+Q3+0za1rQkzVuMiMFI=
github.com/kr/pretty v0.1.0/go.mod h1:dAy3ld7l9f0ibDNOQOHHMYYIIbhfbHSm3C4ZsoJORNo=
github.com/kr/pty v1.1.1/go.mod h1:pFQYn66WHrOpPYNljwOMqo10TkYh1fy3cYio2l3bCsQ=
github.com/kr/pty v1.1.3/go.mod h1:pFQYn66WHrOpPYNljwOMqo10TkYh1fy3cYio2l3bCsQ=
github.com/kr/text v0.1.0 h1:45sCR5RtlFHMR4UwH9sdQ5TC8v0qDQCHnXt+kaKSTVE=
github.com/kr/text v0.1.0/go.mod h1:4Jbv+DJW3UT/LiOwJeYQe1efqtUx/iVham/4vfdArNI=
github.com/modern-go/concurrent v0.0.0-20180306012644-bacd9c7ef1dd h1:TRLaZ9cD/w8PVh93nsPXa1VrQ6jlwL5oN8l14QlcNfg=
github.com/modern-go/concurrent v0.0.0-20180306012644-bacd9c7ef1dd/go.mod h1:6dJC0mAP4ikYIbvyc7fijjWJddQyLn8Ig3JB5CqoB9Q=
github.com/modern-go/reflect2 v1.0.1 h1:9f412s+6RmYXLWZSEzVVgPGK7C2PphHj5RJrvfx9AWI=
github.com/modern-go/reflect2 v1.0.1/go.mod h1:bx2lNnkwVCuqBIxFjflWJWanXIb3RllmbCylyMrvgv0=
github.com/onsi/ginkgo v1.6.0 h1:Ix8l273rp3QzYgXSR+c8d1fTG7UPgYkOSELPhiY/YGw=
github.com/onsi/ginkgo v1.6.0/go.mod h1:lLunBs/Ym6LB5Z9jYTR76FiuTmxDTDusOGeTQH+WWjE=
github.com/onsi/ginkgo v1.7.0/go.mod h1:lLunBs/Ym6LB5Z9jYTR76FiuTmxDTDusOGeTQH+WWjE=
github.com/onsi/gomega v1.4.2 h1:3mYCb7aPxS/RU7TI1y4rkEn1oKmPRjNJLNEXgw7MH2I=
github.com/onsi/gomega v1.4.2/go.mod h1:ex+gbHU/CVuBBDIJjb2X0qEXbFg53c61hWP/1CpauHY=
github.com/onsi/gomega v1.4.3/go.mod h1:ex+gbHU/CVuBBDIJjb2X0qEXbFg53c61hWP/1CpauHY=
github.com/peterbourgon/diskv v2.0.1+incompatible h1:UBdAOUP5p4RWqPBg048CAvpKN+vxiaj6gdUUzhl4XmI=
github.com/peterbourgon/diskv v2.0.1+incompatible/go.mod h1:uqqh8zWWbv1HBMNONnaR/tNboyR3/BZd58JJSHlUSCU=
github.com/pmezard/go-difflib v1.0.0 h1:4DBwDE0NGyQoBHbLQYPwSUPoCMWR5BEzIk/f1lZbAQM=
github.com/pmezard/go-difflib v1.0.0/go.mod h1:iKH77koFhYxTK1pcRnkKkqfTogsbg7gZNVY4sRDYZ/4=
github.com/sirupsen/logrus v1.0.4 h1:gzbtLsZC3Ic5PptoRG+kQj4L60qjK7H7XszrU163JNQ=
github.com/sirupsen/logrus v1.0.4/go.mod h1:pMByvHTf9Beacp5x1UXfOR9xyW/9antXMhjMPG0dEzc=
github.com/sirupsen/logrus v1.1.1 h1:VzGj7lhU7KEB9e9gMpAV/v5XT2NVSvLJhJLCWbnkgXg=
github.com/sirupsen/logrus v1.1.1/go.mod h1:zrgwTnHtNr00buQ1vSptGe8m1f/BbgsPukg8qsT7A+A=
github.com/sirupsen/logrus v1.2.0 h1:juTguoYk5qI21pwyTXY3B3Y5cOTH3ZUyZCg1v/mihuo=
github.com/sirupsen/logrus v1.2.0/go.mod h1:LxeOpSwHxABJmUn/MG1IvRgCAasNZTLOkJPxbbu5VWo=
github.com/spf13/pflag v0.0.0-20170130214245-9ff6c6923cff h1:VARhShG49tiji6mdRNp7JTNDtJ0FhuprF93GBQ37xGU=
github.com/spf13/pflag v0.0.0-20170130214245-9ff6c6923cff/go.mod h1:DYY7MBk1bdzusC3SYhjObp+wFpr4gzcvqqNjLnInEg4=
github.com/spf13/pflag v1.0.3 h1:zPAT6CGy6wXeQ7NtTnaTerfKOsV6V6F8agHXFiazDkg=
github.com/spf13/pflag v1.0.3/go.mod h1:DYY7MBk1bdzusC3SYhjObp+wFpr4gzcvqqNjLnInEg4=
github.com/stretchr/objx v0.1.1/go.mod h1:HFkY916IF+rwdDfMAkV7OtwuqBVzrE8GR6GFx+wExME=
github.com/stretchr/testify v1.2.2 h1:bSDNvY7ZPG5RlJ8otE/7V6gMiyenm9RtJ7IUVIAoJ1w=
github.com/stretchr/testify v1.2.2/go.mod h1:a8OnRcib4nhh0OaRAV+Yts87kKdq0PP7pXfy6kDkUVs=
github.com/vulcand/oxy v0.0.0-20171218092518-1e56086638c5 h1:7SlHBD8H+r2S/hfq2uXH8MC6VNxDikbLrbiEGVrBClw=
github.com/vulcand/oxy v0.0.0-20171218092518-1e56086638c5/go.mod h1:giFb8dicROVdV5W0HXlA5siMBLWKnVXZlkA4Y5ZIzrY=
github.com/vulcand/oxy v0.0.0-20181010145148-7d94d212f808 h1:V88Nek6+spfRJPgKMi0xLfUcwH0C5PXjCFw//FkO6AU=
github.com/vulcand/oxy v0.0.0-20181010145148-7d94d212f808/go.mod h1:giFb8dicROVdV5W0HXlA5siMBLWKnVXZlkA4Y5ZIzrY=
github.com/vulcand/oxy v0.0.0-20181019102601-ac21a760928b h1:kRtVtoeRAd9uH5Kq9BYLNmjuUKaOSidU5Aeb07DfpT4=
github.com/vulcand/oxy v0.0.0-20181019102601-ac21a760928b/go.mod h1:giFb8dicROVdV5W0HXlA5siMBLWKnVXZlkA4Y5ZIzrY=
github.com/vulcand/oxy v0.0.0-20181130145254-c34b0c501e43 h1:2+LBGeYYE8JgE1UCKx+qRpoFyvF4NdGQpR8bFCCPfEw=
github.com/vulcand/oxy v0.0.0-20181130145254-c34b0c501e43/go.mod h1:giFb8dicROVdV5W0HXlA5siMBLWKnVXZlkA4Y5ZIzrY=
golang.org/x/crypto v0.0.0-20170825220121-81e90905daef h1:R8ubLIilYRXIXpgjOg2l/ECVs3HzVKIjJEhxSsQ91u4=
golang.org/x/crypto v0.0.0-20170825220121-81e90905daef/go.mod h1:6SG95UA2DQfeDnfUPMdvaQW0Q7yPrPDi9nlGo2tz2b4=
golang.org/x/crypto v0.0.0-20180904163835-0709b304e793/go.mod h1:6SG95UA2DQfeDnfUPMdvaQW0Q7yPrPDi9nlGo2tz2b4=
golang.org/x/crypto v0.0.0-20181015023909-0c41d7ab0a0e h1:IzypfodbhbnViNUO/MEh0FzCUooG97cIGfdggUrUSyU=
golang.org/x/crypto v0.0.0-20181015023909-0c41d7ab0a0e/go.mod h1:6SG95UA2DQfeDnfUPMdvaQW0Q7yPrPDi9nlGo2tz2b4=
golang.org/x/crypto v0.0.0-20181030102418-4d3f4d9ffa16 h1:y6ce7gCWtnH+m3dCjzQ1PCuwl28DDIc3VNnvY29DlIA=
golang.org/x/crypto v0.0.0-20181030102418-4d3f4d9ffa16/go.mod h1:6SG95UA2DQfeDnfUPMdvaQW0Q7yPrPDi9nlGo2tz2b4=
golang.org/x/crypto v0.0.0-20181203042331-505ab145d0a9 h1:mKdxBk7AujPs8kU4m80U72y/zjbZ3UcXC7dClwKbUI0=
golang.org/x/crypto v0.0.0-20181203042331-505ab145d0a9/go.mod h1:6SG95UA2DQfeDnfUPMdvaQW0Q7yPrPDi9nlGo2tz2b4=
golang.org/x/net v0.0.0-20180724234803-3673e40ba225 h1:kNX+jCowfMYzvlSvJu5pQWEmyWFrBXJ3PBy10xKMXK8=
golang.org/x/net v0.0.0-20180724234803-3673e40ba225/go.mod h1:mL1N/T3taQHkDXs73rZJwtUhF3w3ftmwwsq0BUmARs4=
golang.org/x/net v0.0.0-20180906233101-161cd47e91fd h1:nTDtHvHSdCn1m6ITfMRqtOd/9+7a3s8RBNOZ3eYZzJA=
golang.org/x/net v0.0.0-20180906233101-161cd47e91fd/go.mod h1:mL1N/T3taQHkDXs73rZJwtUhF3w3ftmwwsq0BUmARs4=
golang.org/x/net v0.0.0-20181011144130-49bb7cea24b1 h1:Y/KGZSOdz/2r0WJ9Mkmz6NJBusp0kiNx1Cn82lzJQ6w=
golang.org/x/net v0.0.0-20181011144130-49bb7cea24b1/go.mod h1:mL1N/T3taQHkDXs73rZJwtUhF3w3ftmwwsq0BUmARs4=
golang.org/x/net v0.0.0-20181029044818-c44066c5c816 h1:mVFkLpejdFLXVUv9E42f3XJVfMdqd0IVLVIVLjZWn5o=
golang.org/x/net v0.0.0-20181029044818-c44066c5c816/go.mod h1:mL1N/T3taQHkDXs73rZJwtUhF3w3ftmwwsq0BUmARs4=
golang.org/x/net v0.0.0-20181201002055-351d144fa1fc h1:a3CU5tJYVj92DY2LaA1kUkrsqD5/3mLDhx2NcNqyW+0=
golang.org/x/net v0.0.0-20181201002055-351d144fa1fc/go.mod h1:mL1N/T3taQHkDXs73rZJwtUhF3w3ftmwwsq0BUmARs4=
golang.org/x/oauth2 v0.0.0-20181003184128-c57b0facaced h1:4oqSq7eft7MdPKBGQK11X9WYUxmj6ZLgGTqYIbY1kyw=
golang.org/x/oauth2 v0.0.0-20181003184128-c57b0facaced/go.mod h1:N/0e6XlmueqKjAGxoOufVs8QHGRruUQn6yWY3a++T0U=
golang.org/x/oauth2 v0.0.0-20181031022657-8527f56f7107 h1:63fpDttzclb8owmRoxSaFNbnT1CG25L0Yvnhh9lU1SE=
golang.org/x/oauth2 v0.0.0-20181031022657-8527f56f7107/go.mod h1:N/0e6XlmueqKjAGxoOufVs8QHGRruUQn6yWY3a++T0U=
golang.org/x/oauth2 v0.0.0-20181203162652-d668ce993890 h1:uESlIz09WIHT2I+pasSXcpLYqYK8wHcdCetU3VuMBJE=
golang.org/x/oauth2 v0.0.0-20181203162652-d668ce993890/go.mod h1:N/0e6XlmueqKjAGxoOufVs8QHGRruUQn6yWY3a++T0U=
golang.org/x/sync v0.0.0-20180314180146-1d60e4601c6f h1:wMNYb4v58l5UBM7MYRLPG6ZhfOqbKu7X5eyFl8ZhKvA=
golang.org/x/sync v0.0.0-20180314180146-1d60e4601c6f/go.mod h1:RxMgew5VJxzue5/jJTE5uejpjVlOe/izrB70Jof72aM=
golang.org/x/sync v0.0.0-20181108010431-42b317875d0f/go.mod h1:RxMgew5VJxzue5/jJTE5uejpjVlOe/izrB70Jof72aM=
golang.org/x/sys v0.0.0-20180905080454-ebe1bf3edb33/go.mod h1:STP8DvDyc/dI5b8T5hshtkjS+E42TnysNCUPdjciGhY=
golang.org/x/sys v0.0.0-20180909124046-d0be0721c37e h1:o3PsSEY8E4eXWkXrIP9YJALUkVZqzHJT5DOasTyn8Vs=
golang.org/x/sys v0.0.0-20180909124046-d0be0721c37e/go.mod h1:STP8DvDyc/dI5b8T5hshtkjS+E42TnysNCUPdjciGhY=
golang.org/x/sys v0.0.0-20181011152604-fa43e7bc11ba h1:nZJIJPGow0Kf9bU9QTc1U6OXbs/7Hu4e+cNv+hxH+Zc=
golang.org/x/sys v0.0.0-20181011152604-fa43e7bc11ba/go.mod h1:STP8DvDyc/dI5b8T5hshtkjS+E42TnysNCUPdjciGhY=
golang.org/x/sys v0.0.0-20181030150119-7e31e0c00fa0 h1:biUuj9O+0+XckRUCDzjoOGm6yFV5c0IHbm1ODP3e4Zw=
golang.org/x/sys v0.0.0-20181030150119-7e31e0c00fa0/go.mod h1:STP8DvDyc/dI5b8T5hshtkjS+E42TnysNCUPdjciGhY=
golang.org/x/sys v0.0.0-20181206074257-70b957f3b65e h1:njOxP/wVblhCLIUhjHXf6X+dzTt5OQ3vMQo9mkOIKIo=
golang.org/x/sys v0.0.0-20181206074257-70b957f3b65e/go.mod h1:STP8DvDyc/dI5b8T5hshtkjS+E42TnysNCUPdjciGhY=
golang.org/x/text v0.3.0 h1:g61tztE5qeGQ89tm6NTjjM9VPIm088od1l6aSorWRWg=
golang.org/x/text v0.3.0/go.mod h1:NqM8EUOU14njkJ3fqMW+pc6Ldnwhi/IjpwHt7yyuwOQ=
golang.org/x/time v0.0.0-20180412165947-fbb02b2291d2 h1:+DCIGbF/swA92ohVg0//6X2IVY3KZs6p9mix0ziNYJM=
golang.org/x/time v0.0.0-20180412165947-fbb02b2291d2/go.mod h1:tRJNPiyCQ0inRvYxbN9jk5I+vvW/OXSQhTDSoE431IQ=
golang.org/x/time v0.0.0-20181108054448-85acf8d2951c h1:fqgJT0MGcGpPgpWU7VRdRjuArfcOvC4AoJmILihzhDg=
golang.org/x/time v0.0.0-20181108054448-85acf8d2951c/go.mod h1:tRJNPiyCQ0inRvYxbN9jk5I+vvW/OXSQhTDSoE431IQ=
google.golang.org/appengine v1.2.0 h1:S0iUepdCWODXRvtE+gcRDd15L+k+k1AiHlMiMjefH24=
google.golang.org/appengine v1.2.0/go.mod h1:xpcJRLb0r/rnEns0DIKYYv+WjYCduHsrkT7/EB5XEv4=
google.golang.org/appengine v1.3.0 h1:FBSsiFRMz3LBeXIomRnVzrQwSDj4ibvcRexLG0LZGQk=
google.golang.org/appengine v1.3.0/go.mod h1:xpcJRLb0r/rnEns0DIKYYv+WjYCduHsrkT7/EB5XEv4=
gopkg.in/airbrake/gobrake.v2 v2.0.9 h1:7z2uVWwn7oVeeugY1DtlPAy5H+KYgB1KeKTnqjNatLo=
gopkg.in/airbrake/gobrake.v2 v2.0.9/go.mod h1:/h5ZAUhDkGaJfjzjKLSjv6zCL6O0LLBxU4K+aSYdM/U=
gopkg.in/check.v1 v0.0.0-20161208181325-20d25e280405/go.mod h1:Co6ibVJAznAaIkqp8huTwlJQCZ016jof/cbN4VW5Yz0=
gopkg.in/check.v1 v1.0.0-20180628173108-788fd7840127 h1:qIbj1fsPNlZgppZ+VLlY7N33q108Sa+fhmuc+sWQYwY=
gopkg.in/check.v1 v1.0.0-20180628173108-788fd7840127/go.mod h1:Co6ibVJAznAaIkqp8huTwlJQCZ016jof/cbN4VW5Yz0=
gopkg.in/fsnotify.v1 v1.4.7 h1:xOHLXZwVvI9hhs+cLKq5+I5onOuwQLhQwiu63xxlHs4=
gopkg.in/fsnotify.v1 v1.4.7/go.mod h1:Tz8NjZHkW78fSQdbUxIjBTcgA1z1m8ZHf0WmKUhAMys=
gopkg.in/gemnasium/logrus-airbrake-hook.v2 v2.1.2 h1:OAj3g0cR6Dx/R07QgQe8wkA9RNjB2u4i700xBkIT4e0=
gopkg.in/gemnasium/logrus-airbrake-hook.v2 v2.1.2/go.mod h1:Xk6kEKp8OKb+X14hQBKWaSkCsqBpgog8nAV2xsGOxlo=
gopkg.in/inf.v0 v0.9.0 h1:3zYtXIO92bvsdS3ggAdA8Gb4Azj0YU+TVY1uGYNFA8o=
gopkg.in/inf.v0 v0.9.0/go.mod h1:cWUDdTG/fYaXco+Dcufb5Vnc6Gp2YChqWtbxRZE0mXw=
gopkg.in/inf.v0 v0.9.1 h1:73M5CoZyi3ZLMOyDlQh031Cx6N9NDJ2Vvfl76EDAgDc=
gopkg.in/inf.v0 v0.9.1/go.mod h1:cWUDdTG/fYaXco+Dcufb5Vnc6Gp2YChqWtbxRZE0mXw=
gopkg.in/tomb.v1 v1.0.0-20141024135613-dd632973f1e7 h1:uRGJdciOHaEIrze2W8Q3AKkepLTh2hOroT7a+7czfdQ=
gopkg.in/tomb.v1 v1.0.0-20141024135613-dd632973f1e7/go.mod h1:dt/ZhP58zS4L8KSrWDmTeBkI65Dw0HsyUHuEVlX15mw=
gopkg.in/yaml.v1 v1.0.0-20140924161607-9f9df34309c0 h1:POO/ycCATvegFmVuPpQzZFJ+pGZeX22Ufu6fibxDVjU=
gopkg.in/yaml.v1 v1.0.0-20140924161607-9f9df34309c0/go.mod h1:WDnlLJ4WF5VGsH/HVa3CI79GS0ol3YnhVnKP89i0kNg=
gopkg.in/yaml.v2 v2.2.1 h1:mUhvW9EsL+naU5Q3cakzfE91YhliOondGd6ZrsDBHQE=
gopkg.in/yaml.v2 v2.2.1/go.mod h1:hI93XBmqTisBFMUTm0b8Fm+jr3Dg1NNxqwp+5A1VGuI=
gopkg.in/yaml.v2 v2.2.2 h1:ZCJp+EgiOT7lHqUV2J862kp8Qj64Jo6az82+3Td9dZw=
gopkg.in/yaml.v2 v2.2.2/go.mod h1:hI93XBmqTisBFMUTm0b8Fm+jr3Dg1NNxqwp+5A1VGuI=
k8s.io/api v0.0.0-20181005203742-357ec6384fa7 h1:cmeeh4O02+Rpgl6znrIkYB7Zu/bBIQoDa7IGZDa1Gz8=
k8s.io/api v0.0.0-20181005203742-357ec6384fa7/go.mod h1:iuAfoD4hCxJ8Onx9kaTIt30j7jUFS00AXQi6QMi99vA=
k8s.io/api v0.0.0-20181014053814-bbf5c193d86c h1:HRWh0qb07rT5MtgZuVqr4hYMhRhNH3FWDxtlBCbNBpE=
k8s.io/api v0.0.0-20181014053814-bbf5c193d86c/go.mod h1:iuAfoD4hCxJ8Onx9kaTIt30j7jUFS00AXQi6QMi99vA=
k8s.io/api v0.0.0-20181027024800-9fcf73cc980b h1:ojgIGmjzUSwsug8H2yVCoueRAGy0IshvrtowuLycEQo=
k8s.io/api v0.0.0-20181027024800-9fcf73cc980b/go.mod h1:iuAfoD4hCxJ8Onx9kaTIt30j7jUFS00AXQi6QMi99vA=
k8s.io/api v0.0.0-20181130031204-d04500c8c3dd h1:5aHsneN62ehs/tdtS9tWZlhVk68V7yms/Qw7nsGmvCA=
k8s.io/api v0.0.0-20181130031204-d04500c8c3dd/go.mod h1:iuAfoD4hCxJ8Onx9kaTIt30j7jUFS00AXQi6QMi99vA=
k8s.io/apimachinery v0.0.0-20180913025736-6dd46049f395 h1:X+c9tYTDc9Pmt+Z1YSMqmUTCYf13VYe1u+ZwzjgpK0M=
k8s.io/apimachinery v0.0.0-20180913025736-6dd46049f395/go.mod h1:ccL7Eh7zubPUSh9A3USN90/OzHNSVN6zxzde07TDCL0=
k8s.io/apimachinery v0.0.0-20181015213631-60666be32c5d h1:It9QEnTmJaV0JD1PckL64/3zjGwqi96UrI7gK6NlTbY=
k8s.io/apimachinery v0.0.0-20181015213631-60666be32c5d/go.mod h1:ccL7Eh7zubPUSh9A3USN90/OzHNSVN6zxzde07TDCL0=
k8s.io/apimachinery v0.0.0-20181031012033-2e0dc82819fd h1:rzRDbWmTXaWr6SDV9caWzwAUPSfvgwX6j89LBnq/ycw=
k8s.io/apimachinery v0.0.0-20181031012033-2e0dc82819fd/go.mod h1:ccL7Eh7zubPUSh9A3USN90/OzHNSVN6zxzde07TDCL0=
k8s.io/apimachinery v0.0.0-20181204150028-eb8c8024849b h1:NBYMVxACHvRjnsH8rkNm2ICFZlXznkXYEefUdEpcueY=
k8s.io/apimachinery v0.0.0-20181204150028-eb8c8024849b/go.mod h1:ccL7Eh7zubPUSh9A3USN90/OzHNSVN6zxzde07TDCL0=
k8s.io/client-go v2.0.0-alpha.0.0.20181005204318-cb4883f3dea0+incompatible h1:MuEpj71HTIXKoItJuIrkHWli0S997k3bYcep2/54Cq0=
k8s.io/client-go v2.0.0-alpha.0.0.20181005204318-cb4883f3dea0+incompatible/go.mod h1:7vJpHMYJwNQCWgzmNV+VYUl1zCObLyodBc8nIyt8L5s=
k8s.io/client-go v9.0.0+incompatible h1:NXWpDuPFeVB5lYP1fTqJUtwigjtmRXJNtndnN53ldGI=
k8s.io/client-go v10.0.0+incompatible h1:+xQQxwjrcIPWDMJBAS+1G2FNk1McoPnb53xkvcDiDqE=
k8s.io/client-go v10.0.0+incompatible/go.mod h1:7vJpHMYJwNQCWgzmNV+VYUl1zCObLyodBc8nIyt8L5s=
k8s.io/klog v0.1.0 h1:I5HMfc/DtuVaGR1KPwUrTc476K8NCqNBldC7H4dYEzk=
k8s.io/klog v0.1.0/go.mod h1:Gq+BEi5rUBO/HRz0bTSXDUcqjScdoY3a9IHpCEIOOfk=
sigs.k8s.io/yaml v1.1.0 h1:4A07+ZFc2wgJwo8YNlQpr1rVlgUDlxXHhPJciaPY5gs=
sigs.k8s.io/yaml v1.1.0/go.mod h1:UJmg0vDUVViEyp3mgSv9WPwZCDxu4rQW1olrI1uml+o=
